// !$*UTF8*$!
{
	archiveVersion = 1;
	classes = {
	};
	objectVersion = 51;
	objects = {

/* Begin PBXBuildFile section */
		6B93E8302601DD1E00BECCCA /* AppDelegate.swift in Sources */ = {isa = PBXBuildFile; fileRef = 6B93E82F2601DD1E00BECCCA /* AppDelegate.swift */; };
		6B93E8322601DD1E00BECCCA /* SceneDelegate.swift in Sources */ = {isa = PBXBuildFile; fileRef = 6B93E8312601DD1E00BECCCA /* SceneDelegate.swift */; };
		6B93E8342601DD1E00BECCCA /* LoginViewController.swift in Sources */ = {isa = PBXBuildFile; fileRef = 6B93E8332601DD1E00BECCCA /* LoginViewController.swift */; };
		6B93E8372601DD1E00BECCCA /* AuthApp.storyboard in Resources */ = {isa = PBXBuildFile; fileRef = 6B93E8352601DD1E00BECCCA /* AuthApp.storyboard */; };
		6B93E8392601DD2100BECCCA /* Assets.xcassets in Resources */ = {isa = PBXBuildFile; fileRef = 6B93E8382601DD2100BECCCA /* Assets.xcassets */; };
		6B93E83C2601DD2100BECCCA /* LaunchScreen.storyboard in Resources */ = {isa = PBXBuildFile; fileRef = 6B93E83A2601DD2100BECCCA /* LaunchScreen.storyboard */; };
		6B93E84E2601E1EB00BECCCA /* Constant.swift in Sources */ = {isa = PBXBuildFile; fileRef = 6B93E84D2601E1EB00BECCCA /* Constant.swift */; };
		6B93E8522601E2EA00BECCCA /* LoginView.swift in Sources */ = {isa = PBXBuildFile; fileRef = 6B93E8512601E2EA00BECCCA /* LoginView.swift */; };
		6B93E85C2601EACC00BECCCA /* ViewManager.swift in Sources */ = {isa = PBXBuildFile; fileRef = 6B93E85B2601EACC00BECCCA /* ViewManager.swift */; };
		6B93E8622601EC9600BECCCA /* PinViewController.swift in Sources */ = {isa = PBXBuildFile; fileRef = 6B93E8612601EC9600BECCCA /* PinViewController.swift */; };
		6B93E8652601ECA100BECCCA /* PinView.swift in Sources */ = {isa = PBXBuildFile; fileRef = 6B93E8642601ECA100BECCCA /* PinView.swift */; };
		6B93E86C2601FA7600BECCCA /* ProcessedViewController.swift in Sources */ = {isa = PBXBuildFile; fileRef = 6B93E86B2601FA7600BECCCA /* ProcessedViewController.swift */; };
		6B93E86F2601FA8500BECCCA /* ProcessedView.swift in Sources */ = {isa = PBXBuildFile; fileRef = 6B93E86E2601FA8500BECCCA /* ProcessedView.swift */; };
		6B93E8732601FD0300BECCCA /* ProcessedCell.swift in Sources */ = {isa = PBXBuildFile; fileRef = 6B93E8722601FD0300BECCCA /* ProcessedCell.swift */; };
		6B93E8792601FFB800BECCCA /* Header.swift in Sources */ = {isa = PBXBuildFile; fileRef = 6B93E8772601FFB800BECCCA /* Header.swift */; };
		6B93E87A2601FFB800BECCCA /* Header.xib in Resources */ = {isa = PBXBuildFile; fileRef = 6B93E8782601FFB800BECCCA /* Header.xib */; };
		6B93E8832602008500BECCCA /* UIView + Ext..swift in Sources */ = {isa = PBXBuildFile; fileRef = 6B93E8822602008500BECCCA /* UIView + Ext..swift */; };
		6B93E88C260203A000BECCCA /* DetailProcessedViewController.swift in Sources */ = {isa = PBXBuildFile; fileRef = 6B93E88B260203A000BECCCA /* DetailProcessedViewController.swift */; };
		6B93E890260207D900BECCCA /* DetailProcessedView.swift in Sources */ = {isa = PBXBuildFile; fileRef = 6B93E88F260207D900BECCCA /* DetailProcessedView.swift */; };
		6B93E894260208FA00BECCCA /* DetailCell.swift in Sources */ = {isa = PBXBuildFile; fileRef = 6B93E893260208FA00BECCCA /* DetailCell.swift */; };
		6B93E89826020FA400BECCCA /* UserDefManager.swift in Sources */ = {isa = PBXBuildFile; fileRef = 6B93E89726020FA400BECCCA /* UserDefManager.swift */; };
		6BD50BE026037CE100416224 /* API.swift in Sources */ = {isa = PBXBuildFile; fileRef = 6BD50BDF26037CE100416224 /* API.swift */; };
		6BD50BE426037D3600416224 /* APIProvider.swift in Sources */ = {isa = PBXBuildFile; fileRef = 6BD50BE326037D3600416224 /* APIProvider.swift */; };
		6BD50BE72603802E00416224 /* NetworkManager.swift in Sources */ = {isa = PBXBuildFile; fileRef = 6BD50BE62603802E00416224 /* NetworkManager.swift */; };
		6BD50BEB260381CB00416224 /* AuthModel.swift in Sources */ = {isa = PBXBuildFile; fileRef = 6BD50BEA260381CB00416224 /* AuthModel.swift */; };
		6BD50BF426038B4700416224 /* ReportsModel.swift in Sources */ = {isa = PBXBuildFile; fileRef = 6BD50BF326038B4700416224 /* ReportsModel.swift */; };
		6BD50BFD26039E8900416224 /* Date + Ext..swift in Sources */ = {isa = PBXBuildFile; fileRef = 6BD50BFC26039E8900416224 /* Date + Ext..swift */; };
		6BD50C0026039F3400416224 /* Formatter + Ext..swift in Sources */ = {isa = PBXBuildFile; fileRef = 6BD50BFF26039F3400416224 /* Formatter + Ext..swift */; };
		6BD50C032603A58700416224 /* detail.json in Resources */ = {isa = PBXBuildFile; fileRef = 6BD50C022603A58700416224 /* detail.json */; };
		6BD50C072603A6BD00416224 /* DetailModel.swift in Sources */ = {isa = PBXBuildFile; fileRef = 6BD50C062603A6BD00416224 /* DetailModel.swift */; };
		6BD50C102603AFFE00416224 /* AlertManager.swift in Sources */ = {isa = PBXBuildFile; fileRef = 6BD50C0F2603AFFE00416224 /* AlertManager.swift */; };
		8356E997E1EDCE577F5B1FD5 /* Pods_AuthApp.framework in Frameworks */ = {isa = PBXBuildFile; fileRef = 14E5BB81026E7E526C87D6E2 /* Pods_AuthApp.framework */; };
/* End PBXBuildFile section */

/* Begin PBXFileReference section */
		14E5BB81026E7E526C87D6E2 /* Pods_AuthApp.framework */ = {isa = PBXFileReference; explicitFileType = wrapper.framework; includeInIndex = 0; path = Pods_AuthApp.framework; sourceTree = BUILT_PRODUCTS_DIR; };
		6B93E82C2601DD1E00BECCCA /* AuthApp.app */ = {isa = PBXFileReference; explicitFileType = wrapper.application; includeInIndex = 0; path = AuthApp.app; sourceTree = BUILT_PRODUCTS_DIR; };
		6B93E82F2601DD1E00BECCCA /* AppDelegate.swift */ = {isa = PBXFileReference; lastKnownFileType = sourcecode.swift; path = AppDelegate.swift; sourceTree = "<group>"; };
		6B93E8312601DD1E00BECCCA /* SceneDelegate.swift */ = {isa = PBXFileReference; lastKnownFileType = sourcecode.swift; path = SceneDelegate.swift; sourceTree = "<group>"; };
		6B93E8332601DD1E00BECCCA /* LoginViewController.swift */ = {isa = PBXFileReference; lastKnownFileType = sourcecode.swift; path = LoginViewController.swift; sourceTree = "<group>"; };
		6B93E8362601DD1E00BECCCA /* Base */ = {isa = PBXFileReference; lastKnownFileType = file.storyboard; name = Base; path = Base.lproj/AuthApp.storyboard; sourceTree = "<group>"; };
		6B93E8382601DD2100BECCCA /* Assets.xcassets */ = {isa = PBXFileReference; lastKnownFileType = folder.assetcatalog; path = Assets.xcassets; sourceTree = "<group>"; };
		6B93E83B2601DD2100BECCCA /* Base */ = {isa = PBXFileReference; lastKnownFileType = file.storyboard; name = Base; path = Base.lproj/LaunchScreen.storyboard; sourceTree = "<group>"; };
		6B93E83D2601DD2100BECCCA /* Info.plist */ = {isa = PBXFileReference; lastKnownFileType = text.plist.xml; path = Info.plist; sourceTree = "<group>"; };
		6B93E84D2601E1EB00BECCCA /* Constant.swift */ = {isa = PBXFileReference; lastKnownFileType = sourcecode.swift; path = Constant.swift; sourceTree = "<group>"; };
		6B93E8512601E2EA00BECCCA /* LoginView.swift */ = {isa = PBXFileReference; lastKnownFileType = sourcecode.swift; path = LoginView.swift; sourceTree = "<group>"; };
		6B93E85B2601EACC00BECCCA /* ViewManager.swift */ = {isa = PBXFileReference; lastKnownFileType = sourcecode.swift; path = ViewManager.swift; sourceTree = "<group>"; };
		6B93E8612601EC9600BECCCA /* PinViewController.swift */ = {isa = PBXFileReference; lastKnownFileType = sourcecode.swift; path = PinViewController.swift; sourceTree = "<group>"; };
		6B93E8642601ECA100BECCCA /* PinView.swift */ = {isa = PBXFileReference; lastKnownFileType = sourcecode.swift; path = PinView.swift; sourceTree = "<group>"; };
		6B93E86B2601FA7600BECCCA /* ProcessedViewController.swift */ = {isa = PBXFileReference; lastKnownFileType = sourcecode.swift; path = ProcessedViewController.swift; sourceTree = "<group>"; };
		6B93E86E2601FA8500BECCCA /* ProcessedView.swift */ = {isa = PBXFileReference; lastKnownFileType = sourcecode.swift; path = ProcessedView.swift; sourceTree = "<group>"; };
		6B93E8722601FD0300BECCCA /* ProcessedCell.swift */ = {isa = PBXFileReference; lastKnownFileType = sourcecode.swift; path = ProcessedCell.swift; sourceTree = "<group>"; };
		6B93E8772601FFB800BECCCA /* Header.swift */ = {isa = PBXFileReference; lastKnownFileType = sourcecode.swift; path = Header.swift; sourceTree = "<group>"; };
		6B93E8782601FFB800BECCCA /* Header.xib */ = {isa = PBXFileReference; lastKnownFileType = file.xib; path = Header.xib; sourceTree = "<group>"; };
		6B93E8822602008500BECCCA /* UIView + Ext..swift */ = {isa = PBXFileReference; lastKnownFileType = sourcecode.swift; path = "UIView + Ext..swift"; sourceTree = "<group>"; };
		6B93E88B260203A000BECCCA /* DetailProcessedViewController.swift */ = {isa = PBXFileReference; lastKnownFileType = sourcecode.swift; path = DetailProcessedViewController.swift; sourceTree = "<group>"; };
		6B93E88F260207D900BECCCA /* DetailProcessedView.swift */ = {isa = PBXFileReference; lastKnownFileType = sourcecode.swift; path = DetailProcessedView.swift; sourceTree = "<group>"; };
		6B93E893260208FA00BECCCA /* DetailCell.swift */ = {isa = PBXFileReference; lastKnownFileType = sourcecode.swift; path = DetailCell.swift; sourceTree = "<group>"; };
		6B93E89726020FA400BECCCA /* UserDefManager.swift */ = {isa = PBXFileReference; lastKnownFileType = sourcecode.swift; path = UserDefManager.swift; sourceTree = "<group>"; };
		6BD50BDF26037CE100416224 /* API.swift */ = {isa = PBXFileReference; lastKnownFileType = sourcecode.swift; path = API.swift; sourceTree = "<group>"; };
		6BD50BE326037D3600416224 /* APIProvider.swift */ = {isa = PBXFileReference; lastKnownFileType = sourcecode.swift; path = APIProvider.swift; sourceTree = "<group>"; };
		6BD50BE62603802E00416224 /* NetworkManager.swift */ = {isa = PBXFileReference; lastKnownFileType = sourcecode.swift; path = NetworkManager.swift; sourceTree = "<group>"; };
		6BD50BEA260381CB00416224 /* AuthModel.swift */ = {isa = PBXFileReference; lastKnownFileType = sourcecode.swift; path = AuthModel.swift; sourceTree = "<group>"; };
		6BD50BF326038B4700416224 /* ReportsModel.swift */ = {isa = PBXFileReference; lastKnownFileType = sourcecode.swift; path = ReportsModel.swift; sourceTree = "<group>"; };
		6BD50BFC26039E8900416224 /* Date + Ext..swift */ = {isa = PBXFileReference; lastKnownFileType = sourcecode.swift; path = "Date + Ext..swift"; sourceTree = "<group>"; };
		6BD50BFF26039F3400416224 /* Formatter + Ext..swift */ = {isa = PBXFileReference; lastKnownFileType = sourcecode.swift; path = "Formatter + Ext..swift"; sourceTree = "<group>"; };
		6BD50C022603A58700416224 /* detail.json */ = {isa = PBXFileReference; lastKnownFileType = text.json; path = detail.json; sourceTree = "<group>"; };
		6BD50C062603A6BD00416224 /* DetailModel.swift */ = {isa = PBXFileReference; lastKnownFileType = sourcecode.swift; path = DetailModel.swift; sourceTree = "<group>"; };
		6BD50C0F2603AFFE00416224 /* AlertManager.swift */ = {isa = PBXFileReference; lastKnownFileType = sourcecode.swift; path = AlertManager.swift; sourceTree = "<group>"; };
		947CB94195A169A19ADB02AF /* Pods-AuthApp.release.xcconfig */ = {isa = PBXFileReference; includeInIndex = 1; lastKnownFileType = text.xcconfig; name = "Pods-AuthApp.release.xcconfig"; path = "Target Support Files/Pods-AuthApp/Pods-AuthApp.release.xcconfig"; sourceTree = "<group>"; };
		9820DEA415B8021447097A51 /* Pods-AuthApp.debug.xcconfig */ = {isa = PBXFileReference; includeInIndex = 1; lastKnownFileType = text.xcconfig; name = "Pods-AuthApp.debug.xcconfig"; path = "Target Support Files/Pods-AuthApp/Pods-AuthApp.debug.xcconfig"; sourceTree = "<group>"; };
/* End PBXFileReference section */

/* Begin PBXFrameworksBuildPhase section */
		6B93E8292601DD1E00BECCCA /* Frameworks */ = {
			isa = PBXFrameworksBuildPhase;
			buildActionMask = 2147483647;
			files = (
				8356E997E1EDCE577F5B1FD5 /* Pods_AuthApp.framework in Frameworks */,
			);
			runOnlyForDeploymentPostprocessing = 0;
		};
/* End PBXFrameworksBuildPhase section */

/* Begin PBXGroup section */
		2C45B8C15BD0216178217A74 /* Frameworks */ = {
			isa = PBXGroup;
			children = (
				14E5BB81026E7E526C87D6E2 /* Pods_AuthApp.framework */,
			);
			name = Frameworks;
			sourceTree = "<group>";
		};
		6B93E8232601DD1E00BECCCA = {
			isa = PBXGroup;
			children = (
				6B93E82E2601DD1E00BECCCA /* AuthApp */,
				6B93E82D2601DD1E00BECCCA /* Products */,
				E5F62C6BE6E7F732031659A1 /* Pods */,
				2C45B8C15BD0216178217A74 /* Frameworks */,
			);
			sourceTree = "<group>";
		};
		6B93E82D2601DD1E00BECCCA /* Products */ = {
			isa = PBXGroup;
			children = (
				6B93E82C2601DD1E00BECCCA /* AuthApp.app */,
			);
			name = Products;
			sourceTree = "<group>";
		};
		6B93E82E2601DD1E00BECCCA /* AuthApp */ = {
			isa = PBXGroup;
			children = (
				6B93E82F2601DD1E00BECCCA /* AppDelegate.swift */,
				6B93E8312601DD1E00BECCCA /* SceneDelegate.swift */,
				6B93E8552601E35D00BECCCA /* Services */,
				6B93E8502601E28500BECCCA /* Login */,
				6B93E85E2601EC5100BECCCA /* Pin */,
				6B93E8672601F27D00BECCCA /* Processed */,
				6B93E8872602036F00BECCCA /* DetailProcessed */,
				6B93E8352601DD1E00BECCCA /* AuthApp.storyboard */,
				6B93E8382601DD2100BECCCA /* Assets.xcassets */,
				6B93E83A2601DD2100BECCCA /* LaunchScreen.storyboard */,
				6B93E83D2601DD2100BECCCA /* Info.plist */,
			);
			path = AuthApp;
			sourceTree = "<group>";
		};
		6B93E8502601E28500BECCCA /* Login */ = {
			isa = PBXGroup;
			children = (
				6BD50BE9260381BC00416224 /* Model */,
				6B93E8592601E8F700BECCCA /* Controller */,
				6B93E8572601E8F300BECCCA /* View */,
			);
			path = Login;
			sourceTree = "<group>";
		};
		6B93E8552601E35D00BECCCA /* Services */ = {
			isa = PBXGroup;
			children = (
				6BD50BDD26037C9F00416224 /* Networking */,
				6B93E8812602007A00BECCCA /* Helpers */,
				6B93E84D2601E1EB00BECCCA /* Constant.swift */,
				6B93E85B2601EACC00BECCCA /* ViewManager.swift */,
				6B93E89726020FA400BECCCA /* UserDefManager.swift */,
				6BD50C0F2603AFFE00416224 /* AlertManager.swift */,
			);
			path = Services;
			sourceTree = "<group>";
		};
		6B93E8572601E8F300BECCCA /* View */ = {
			isa = PBXGroup;
			children = (
				6B93E8512601E2EA00BECCCA /* LoginView.swift */,
			);
			path = View;
			sourceTree = "<group>";
		};
		6B93E8592601E8F700BECCCA /* Controller */ = {
			isa = PBXGroup;
			children = (
				6B93E8332601DD1E00BECCCA /* LoginViewController.swift */,
			);
			path = Controller;
			sourceTree = "<group>";
		};
		6B93E85E2601EC5100BECCCA /* Pin */ = {
			isa = PBXGroup;
			children = (
				6B93E85F2601EC6100BECCCA /* Controller */,
				6B93E8602601EC6700BECCCA /* View */,
			);
			path = Pin;
			sourceTree = "<group>";
		};
		6B93E85F2601EC6100BECCCA /* Controller */ = {
			isa = PBXGroup;
			children = (
				6B93E8612601EC9600BECCCA /* PinViewController.swift */,
			);
			path = Controller;
			sourceTree = "<group>";
		};
		6B93E8602601EC6700BECCCA /* View */ = {
			isa = PBXGroup;
			children = (
				6B93E8642601ECA100BECCCA /* PinView.swift */,
			);
			path = View;
			sourceTree = "<group>";
		};
		6B93E8672601F27D00BECCCA /* Processed */ = {
			isa = PBXGroup;
			children = (
				6BD50BF226038B3F00416224 /* Model */,
				6B93E8682601F28700BECCCA /* Controller */,
				6B93E8692601F28B00BECCCA /* View */,
			);
			path = Processed;
			sourceTree = "<group>";
		};
		6B93E8682601F28700BECCCA /* Controller */ = {
			isa = PBXGroup;
			children = (
				6B93E86B2601FA7600BECCCA /* ProcessedViewController.swift */,
			);
			path = Controller;
			sourceTree = "<group>";
		};
		6B93E8692601F28B00BECCCA /* View */ = {
			isa = PBXGroup;
			children = (
				6B93E8712601FCDE00BECCCA /* Cells */,
				6B93E86E2601FA8500BECCCA /* ProcessedView.swift */,
			);
			path = View;
			sourceTree = "<group>";
		};
		6B93E8712601FCDE00BECCCA /* Cells */ = {
			isa = PBXGroup;
			children = (
				6B93E8722601FD0300BECCCA /* ProcessedCell.swift */,
				6B93E8772601FFB800BECCCA /* Header.swift */,
				6B93E8782601FFB800BECCCA /* Header.xib */,
			);
			path = Cells;
			sourceTree = "<group>";
		};
		6B93E8812602007A00BECCCA /* Helpers */ = {
			isa = PBXGroup;
			children = (
				6B93E8822602008500BECCCA /* UIView + Ext..swift */,
				6BD50BFC26039E8900416224 /* Date + Ext..swift */,
				6BD50BFF26039F3400416224 /* Formatter + Ext..swift */,
				6BD50C022603A58700416224 /* detail.json */,
			);
			path = Helpers;
			sourceTree = "<group>";
		};
		6B93E8872602036F00BECCCA /* DetailProcessed */ = {
			isa = PBXGroup;
			children = (
				6BD50C052603A6B200416224 /* Model */,
				6B93E8892602038700BECCCA /* View */,
				6B93E8882602037F00BECCCA /* Controller */,
			);
			path = DetailProcessed;
			sourceTree = "<group>";
		};
		6B93E8882602037F00BECCCA /* Controller */ = {
			isa = PBXGroup;
			children = (
				6B93E88B260203A000BECCCA /* DetailProcessedViewController.swift */,
			);
			path = Controller;
			sourceTree = "<group>";
		};
		6B93E8892602038700BECCCA /* View */ = {
			isa = PBXGroup;
			children = (
				6B93E892260208ED00BECCCA /* Cell */,
				6B93E88F260207D900BECCCA /* DetailProcessedView.swift */,
			);
			path = View;
			sourceTree = "<group>";
		};
		6B93E892260208ED00BECCCA /* Cell */ = {
			isa = PBXGroup;
			children = (
				6B93E893260208FA00BECCCA /* DetailCell.swift */,
			);
			path = Cell;
			sourceTree = "<group>";
		};
		6BD50BDD26037C9F00416224 /* Networking */ = {
			isa = PBXGroup;
			children = (
				6BD50BDF26037CE100416224 /* API.swift */,
				6BD50BE326037D3600416224 /* APIProvider.swift */,
				6BD50BE62603802E00416224 /* NetworkManager.swift */,
			);
			path = Networking;
			sourceTree = "<group>";
		};
		6BD50BE9260381BC00416224 /* Model */ = {
			isa = PBXGroup;
			children = (
				6BD50BEA260381CB00416224 /* AuthModel.swift */,
			);
			path = Model;
			sourceTree = "<group>";
		};
		6BD50BF226038B3F00416224 /* Model */ = {
			isa = PBXGroup;
			children = (
				6BD50BF326038B4700416224 /* ReportsModel.swift */,
			);
			path = Model;
			sourceTree = "<group>";
		};
		6BD50C052603A6B200416224 /* Model */ = {
			isa = PBXGroup;
			children = (
				6BD50C062603A6BD00416224 /* DetailModel.swift */,
			);
			path = Model;
			sourceTree = "<group>";
		};
		E5F62C6BE6E7F732031659A1 /* Pods */ = {
			isa = PBXGroup;
			children = (
				9820DEA415B8021447097A51 /* Pods-AuthApp.debug.xcconfig */,
				947CB94195A169A19ADB02AF /* Pods-AuthApp.release.xcconfig */,
			);
			path = Pods;
			sourceTree = "<group>";
		};
/* End PBXGroup section */

/* Begin PBXNativeTarget section */
		6B93E82B2601DD1E00BECCCA /* AuthApp */ = {
			isa = PBXNativeTarget;
			buildConfigurationList = 6B93E8402601DD2200BECCCA /* Build configuration list for PBXNativeTarget "AuthApp" */;
			buildPhases = (
				C938C9F31903EE21FF848B50 /* [CP] Check Pods Manifest.lock */,
				6B93E8282601DD1E00BECCCA /* Sources */,
				6B93E8292601DD1E00BECCCA /* Frameworks */,
				6B93E82A2601DD1E00BECCCA /* Resources */,
				DD98C6D05E92BCA370277146 /* [CP] Embed Pods Frameworks */,
			);
			buildRules = (
			);
			dependencies = (
			);
			name = AuthApp;
			productName = AuthApp;
			productReference = 6B93E82C2601DD1E00BECCCA /* AuthApp.app */;
			productType = "com.apple.product-type.application";
		};
/* End PBXNativeTarget section */

/* Begin PBXProject section */
		6B93E8242601DD1E00BECCCA /* Project object */ = {
			isa = PBXProject;
			attributes = {
				LastSwiftUpdateCheck = 1240;
				LastUpgradeCheck = 1240;
				TargetAttributes = {
					6B93E82B2601DD1E00BECCCA = {
						CreatedOnToolsVersion = 12.4;
					};
				};
			};
			buildConfigurationList = 6B93E8272601DD1E00BECCCA /* Build configuration list for PBXProject "AuthApp" */;
			compatibilityVersion = "Xcode 9.3";
			developmentRegion = en;
			hasScannedForEncodings = 0;
			knownRegions = (
				en,
				Base,
			);
			mainGroup = 6B93E8232601DD1E00BECCCA;
			productRefGroup = 6B93E82D2601DD1E00BECCCA /* Products */;
			projectDirPath = "";
			projectRoot = "";
			targets = (
				6B93E82B2601DD1E00BECCCA /* AuthApp */,
			);
		};
/* End PBXProject section */

/* Begin PBXResourcesBuildPhase section */
		6B93E82A2601DD1E00BECCCA /* Resources */ = {
			isa = PBXResourcesBuildPhase;
			buildActionMask = 2147483647;
			files = (
				6B93E87A2601FFB800BECCCA /* Header.xib in Resources */,
				6B93E83C2601DD2100BECCCA /* LaunchScreen.storyboard in Resources */,
				6B93E8392601DD2100BECCCA /* Assets.xcassets in Resources */,
				6BD50C032603A58700416224 /* detail.json in Resources */,
				6B93E8372601DD1E00BECCCA /* AuthApp.storyboard in Resources */,
			);
			runOnlyForDeploymentPostprocessing = 0;
		};
/* End PBXResourcesBuildPhase section */

/* Begin PBXShellScriptBuildPhase section */
		C938C9F31903EE21FF848B50 /* [CP] Check Pods Manifest.lock */ = {
			isa = PBXShellScriptBuildPhase;
			buildActionMask = 2147483647;
			files = (
			);
			inputFileListPaths = (
			);
			inputPaths = (
				"${PODS_PODFILE_DIR_PATH}/Podfile.lock",
				"${PODS_ROOT}/Manifest.lock",
			);
			name = "[CP] Check Pods Manifest.lock";
			outputFileListPaths = (
			);
			outputPaths = (
				"$(DERIVED_FILE_DIR)/Pods-AuthApp-checkManifestLockResult.txt",
			);
			runOnlyForDeploymentPostprocessing = 0;
			shellPath = /bin/sh;
			shellScript = "diff \"${PODS_PODFILE_DIR_PATH}/Podfile.lock\" \"${PODS_ROOT}/Manifest.lock\" > /dev/null\nif [ $? != 0 ] ; then\n    # print error to STDERR\n    echo \"error: The sandbox is not in sync with the Podfile.lock. Run 'pod install' or update your CocoaPods installation.\" >&2\n    exit 1\nfi\n# This output is used by Xcode 'outputs' to avoid re-running this script phase.\necho \"SUCCESS\" > \"${SCRIPT_OUTPUT_FILE_0}\"\n";
			showEnvVarsInLog = 0;
		};
		DD98C6D05E92BCA370277146 /* [CP] Embed Pods Frameworks */ = {
			isa = PBXShellScriptBuildPhase;
			buildActionMask = 2147483647;
			files = (
			);
			inputFileListPaths = (
				"${PODS_ROOT}/Target Support Files/Pods-AuthApp/Pods-AuthApp-frameworks-${CONFIGURATION}-input-files.xcfilelist",
			);
			name = "[CP] Embed Pods Frameworks";
			outputFileListPaths = (
				"${PODS_ROOT}/Target Support Files/Pods-AuthApp/Pods-AuthApp-frameworks-${CONFIGURATION}-output-files.xcfilelist",
			);
			runOnlyForDeploymentPostprocessing = 0;
			shellPath = /bin/sh;
			shellScript = "\"${PODS_ROOT}/Target Support Files/Pods-AuthApp/Pods-AuthApp-frameworks.sh\"\n";
			showEnvVarsInLog = 0;
		};
/* End PBXShellScriptBuildPhase section */

/* Begin PBXSourcesBuildPhase section */
		6B93E8282601DD1E00BECCCA /* Sources */ = {
			isa = PBXSourcesBuildPhase;
			buildActionMask = 2147483647;
			files = (
				6B93E85C2601EACC00BECCCA /* ViewManager.swift in Sources */,
				6B93E8832602008500BECCCA /* UIView + Ext..swift in Sources */,
				6BD50BEB260381CB00416224 /* AuthModel.swift in Sources */,
				6B93E8342601DD1E00BECCCA /* LoginViewController.swift in Sources */,
				6B93E890260207D900BECCCA /* DetailProcessedView.swift in Sources */,
				6BD50BE426037D3600416224 /* APIProvider.swift in Sources */,
				6B93E8652601ECA100BECCCA /* PinView.swift in Sources */,
				6BD50C0026039F3400416224 /* Formatter + Ext..swift in Sources */,
				6B93E89826020FA400BECCCA /* UserDefManager.swift in Sources */,
				6B93E8622601EC9600BECCCA /* PinViewController.swift in Sources */,
				6B93E8792601FFB800BECCCA /* Header.swift in Sources */,
				6B93E86C2601FA7600BECCCA /* ProcessedViewController.swift in Sources */,
				6BD50BFD26039E8900416224 /* Date + Ext..swift in Sources */,
				6B93E8302601DD1E00BECCCA /* AppDelegate.swift in Sources */,
				6B93E8732601FD0300BECCCA /* ProcessedCell.swift in Sources */,
				6BD50BE72603802E00416224 /* NetworkManager.swift in Sources */,
				6BD50C072603A6BD00416224 /* DetailModel.swift in Sources */,
				6B93E8322601DD1E00BECCCA /* SceneDelegate.swift in Sources */,
				6BD50C102603AFFE00416224 /* AlertManager.swift in Sources */,
				6B93E8522601E2EA00BECCCA /* LoginView.swift in Sources */,
				6B93E84E2601E1EB00BECCCA /* Constant.swift in Sources */,
				6BD50BF426038B4700416224 /* ReportsModel.swift in Sources */,
				6B93E88C260203A000BECCCA /* DetailProcessedViewController.swift in Sources */,
				6B93E894260208FA00BECCCA /* DetailCell.swift in Sources */,
				6BD50BE026037CE100416224 /* API.swift in Sources */,
				6B93E86F2601FA8500BECCCA /* ProcessedView.swift in Sources */,
			);
			runOnlyForDeploymentPostprocessing = 0;
		};
/* End PBXSourcesBuildPhase section */

/* Begin PBXVariantGroup section */
		6B93E8352601DD1E00BECCCA /* AuthApp.storyboard */ = {
			isa = PBXVariantGroup;
			children = (
				6B93E8362601DD1E00BECCCA /* Base */,
			);
			name = AuthApp.storyboard;
			sourceTree = "<group>";
		};
		6B93E83A2601DD2100BECCCA /* LaunchScreen.storyboard */ = {
			isa = PBXVariantGroup;
			children = (
				6B93E83B2601DD2100BECCCA /* Base */,
			);
			name = LaunchScreen.storyboard;
			sourceTree = "<group>";
		};
/* End PBXVariantGroup section */

/* Begin XCBuildConfiguration section */
		6B93E83E2601DD2100BECCCA /* Debug */ = {
			isa = XCBuildConfiguration;
			buildSettings = {
				ALWAYS_SEARCH_USER_PATHS = NO;
				CLANG_ANALYZER_NONNULL = YES;
				CLANG_ANALYZER_NUMBER_OBJECT_CONVERSION = YES_AGGRESSIVE;
				CLANG_CXX_LANGUAGE_STANDARD = "gnu++14";
				CLANG_CXX_LIBRARY = "libc++";
				CLANG_ENABLE_MODULES = YES;
				CLANG_ENABLE_OBJC_ARC = YES;
				CLANG_ENABLE_OBJC_WEAK = YES;
				CLANG_WARN_BLOCK_CAPTURE_AUTORELEASING = YES;
				CLANG_WARN_BOOL_CONVERSION = YES;
				CLANG_WARN_COMMA = YES;
				CLANG_WARN_CONSTANT_CONVERSION = YES;
				CLANG_WARN_DEPRECATED_OBJC_IMPLEMENTATIONS = YES;
				CLANG_WARN_DIRECT_OBJC_ISA_USAGE = YES_ERROR;
				CLANG_WARN_DOCUMENTATION_COMMENTS = YES;
				CLANG_WARN_EMPTY_BODY = YES;
				CLANG_WARN_ENUM_CONVERSION = YES;
				CLANG_WARN_INFINITE_RECURSION = YES;
				CLANG_WARN_INT_CONVERSION = YES;
				CLANG_WARN_NON_LITERAL_NULL_CONVERSION = YES;
				CLANG_WARN_OBJC_IMPLICIT_RETAIN_SELF = YES;
				CLANG_WARN_OBJC_LITERAL_CONVERSION = YES;
				CLANG_WARN_OBJC_ROOT_CLASS = YES_ERROR;
				CLANG_WARN_QUOTED_INCLUDE_IN_FRAMEWORK_HEADER = YES;
				CLANG_WARN_RANGE_LOOP_ANALYSIS = YES;
				CLANG_WARN_STRICT_PROTOTYPES = YES;
				CLANG_WARN_SUSPICIOUS_MOVE = YES;
				CLANG_WARN_UNGUARDED_AVAILABILITY = YES_AGGRESSIVE;
				CLANG_WARN_UNREACHABLE_CODE = YES;
				CLANG_WARN__DUPLICATE_METHOD_MATCH = YES;
				COPY_PHASE_STRIP = NO;
				DEBUG_INFORMATION_FORMAT = dwarf;
				ENABLE_STRICT_OBJC_MSGSEND = YES;
				ENABLE_TESTABILITY = YES;
				GCC_C_LANGUAGE_STANDARD = gnu11;
				GCC_DYNAMIC_NO_PIC = NO;
				GCC_NO_COMMON_BLOCKS = YES;
				GCC_OPTIMIZATION_LEVEL = 0;
				GCC_PREPROCESSOR_DEFINITIONS = (
					"DEBUG=1",
					"$(inherited)",
				);
				GCC_WARN_64_TO_32_BIT_CONVERSION = YES;
				GCC_WARN_ABOUT_RETURN_TYPE = YES_ERROR;
				GCC_WARN_UNDECLARED_SELECTOR = YES;
				GCC_WARN_UNINITIALIZED_AUTOS = YES_AGGRESSIVE;
				GCC_WARN_UNUSED_FUNCTION = YES;
				GCC_WARN_UNUSED_VARIABLE = YES;
				IPHONEOS_DEPLOYMENT_TARGET = 14.4;
				MTL_ENABLE_DEBUG_INFO = INCLUDE_SOURCE;
				MTL_FAST_MATH = YES;
				ONLY_ACTIVE_ARCH = YES;
				SDKROOT = iphoneos;
				SWIFT_ACTIVE_COMPILATION_CONDITIONS = DEBUG;
				SWIFT_OPTIMIZATION_LEVEL = "-Onone";
			};
			name = Debug;
		};
		6B93E83F2601DD2100BECCCA /* Release */ = {
			isa = XCBuildConfiguration;
			buildSettings = {
				ALWAYS_SEARCH_USER_PATHS = NO;
				CLANG_ANALYZER_NONNULL = YES;
				CLANG_ANALYZER_NUMBER_OBJECT_CONVERSION = YES_AGGRESSIVE;
				CLANG_CXX_LANGUAGE_STANDARD = "gnu++14";
				CLANG_CXX_LIBRARY = "libc++";
				CLANG_ENABLE_MODULES = YES;
				CLANG_ENABLE_OBJC_ARC = YES;
				CLANG_ENABLE_OBJC_WEAK = YES;
				CLANG_WARN_BLOCK_CAPTURE_AUTORELEASING = YES;
				CLANG_WARN_BOOL_CONVERSION = YES;
				CLANG_WARN_COMMA = YES;
				CLANG_WARN_CONSTANT_CONVERSION = YES;
				CLANG_WARN_DEPRECATED_OBJC_IMPLEMENTATIONS = YES;
				CLANG_WARN_DIRECT_OBJC_ISA_USAGE = YES_ERROR;
				CLANG_WARN_DOCUMENTATION_COMMENTS = YES;
				CLANG_WARN_EMPTY_BODY = YES;
				CLANG_WARN_ENUM_CONVERSION = YES;
				CLANG_WARN_INFINITE_RECURSION = YES;
				CLANG_WARN_INT_CONVERSION = YES;
				CLANG_WARN_NON_LITERAL_NULL_CONVERSION = YES;
				CLANG_WARN_OBJC_IMPLICIT_RETAIN_SELF = YES;
				CLANG_WARN_OBJC_LITERAL_CONVERSION = YES;
				CLANG_WARN_OBJC_ROOT_CLASS = YES_ERROR;
				CLANG_WARN_QUOTED_INCLUDE_IN_FRAMEWORK_HEADER = YES;
				CLANG_WARN_RANGE_LOOP_ANALYSIS = YES;
				CLANG_WARN_STRICT_PROTOTYPES = YES;
				CLANG_WARN_SUSPICIOUS_MOVE = YES;
				CLANG_WARN_UNGUARDED_AVAILABILITY = YES_AGGRESSIVE;
				CLANG_WARN_UNREACHABLE_CODE = YES;
				CLANG_WARN__DUPLICATE_METHOD_MATCH = YES;
				COPY_PHASE_STRIP = NO;
				DEBUG_INFORMATION_FORMAT = "dwarf-with-dsym";
				ENABLE_NS_ASSERTIONS = NO;
				ENABLE_STRICT_OBJC_MSGSEND = YES;
				GCC_C_LANGUAGE_STANDARD = gnu11;
				GCC_NO_COMMON_BLOCKS = YES;
				GCC_WARN_64_TO_32_BIT_CONVERSION = YES;
				GCC_WARN_ABOUT_RETURN_TYPE = YES_ERROR;
				GCC_WARN_UNDECLARED_SELECTOR = YES;
				GCC_WARN_UNINITIALIZED_AUTOS = YES_AGGRESSIVE;
				GCC_WARN_UNUSED_FUNCTION = YES;
				GCC_WARN_UNUSED_VARIABLE = YES;
				IPHONEOS_DEPLOYMENT_TARGET = 14.4;
				MTL_ENABLE_DEBUG_INFO = NO;
				MTL_FAST_MATH = YES;
				SDKROOT = iphoneos;
				SWIFT_COMPILATION_MODE = wholemodule;
				SWIFT_OPTIMIZATION_LEVEL = "-O";
				VALIDATE_PRODUCT = YES;
			};
			name = Release;
		};
		6B93E8412601DD2200BECCCA /* Debug */ = {
			isa = XCBuildConfiguration;
			baseConfigurationReference = 9820DEA415B8021447097A51 /* Pods-AuthApp.debug.xcconfig */;
			buildSettings = {
				ASSETCATALOG_COMPILER_APPICON_NAME = AppIcon;
				ASSETCATALOG_COMPILER_GLOBAL_ACCENT_COLOR_NAME = AccentColor;
				CODE_SIGN_STYLE = Automatic;
				DEVELOPMENT_TEAM = L2PAJC487U;
				INFOPLIST_FILE = AuthApp/Info.plist;
				LD_RUNPATH_SEARCH_PATHS = (
					"$(inherited)",
					"@executable_path/Frameworks",
				);
				PRODUCT_BUNDLE_IDENTIFIER = kslff.AuthApp;
				PRODUCT_NAME = "$(TARGET_NAME)";
				SWIFT_VERSION = 5.0;
				TARGETED_DEVICE_FAMILY = 1;
			};
			name = Debug;
		};
		6B93E8422601DD2200BECCCA /* Release */ = {
			isa = XCBuildConfiguration;
			baseConfigurationReference = 947CB94195A169A19ADB02AF /* Pods-AuthApp.release.xcconfig */;
			buildSettings = {
				ASSETCATALOG_COMPILER_APPICON_NAME = AppIcon;
				ASSETCATALOG_COMPILER_GLOBAL_ACCENT_COLOR_NAME = AccentColor;
				CODE_SIGN_STYLE = Automatic;
				DEVELOPMENT_TEAM = L2PAJC487U;
				INFOPLIST_FILE = AuthApp/Info.plist;
				LD_RUNPATH_SEARCH_PATHS = (
					"$(inherited)",
					"@executable_path/Frameworks",
				);
				PRODUCT_BUNDLE_IDENTIFIER = kslff.AuthApp;
				PRODUCT_NAME = "$(TARGET_NAME)";
				SWIFT_VERSION = 5.0;
				TARGETED_DEVICE_FAMILY = 1;
			};
			name = Release;
		};
/* End XCBuildConfiguration section */

/* Begin XCConfigurationList section */
		6B93E8272601DD1E00BECCCA /* Build configuration list for PBXProject "AuthApp" */ = {
			isa = XCConfigurationList;
			buildConfigurations = (
				6B93E83E2601DD2100BECCCA /* Debug */,
				6B93E83F2601DD2100BECCCA /* Release */,
			);
			defaultConfigurationIsVisible = 0;
			defaultConfigurationName = Release;
		};
		6B93E8402601DD2200BECCCA /* Build configuration list for PBXNativeTarget "AuthApp" */ = {
			isa = XCConfigurationList;
			buildConfigurations = (
				6B93E8412601DD2200BECCCA /* Debug */,
				6B93E8422601DD2200BECCCA /* Release */,
			);
			defaultConfigurationIsVisible = 0;
			defaultConfigurationName = Release;
		};
/* End XCConfigurationList section */
	};
	rootObject = 6B93E8242601DD1E00BECCCA /* Project object */;
}
